
Microsoft Visual Studio Solution File, Format Version 12.00
# Visual Studio Version 17
VisualStudioVersion = 17.4.33213.308
MinimumVisualStudioVersion = 10.0.40219.1
Project("{FAE04EC0-301F-11D3-BF4B-00C04F79EFBC}") = "ExamenDockUp", "ExamenDockUp\ExamenDockUp.csproj", "{4CF26C09-E516-4C94-A281-7FB2D5826B80}"
EndProject
Project("{9A19103F-16F7-4668-BE54-9A1E7A4F7556}") = "Vender", "..\FormVender-main\Vender2.0\Vender\Vender.csproj", "{8B454FDA-5195-4365-B267-26AFE7DDAC85}"
EndProject
Project("{9A19103F-16F7-4668-BE54-9A1E7A4F7556}") = "DatosEmpresa", "..\Datos-main(modificado)\DatosEmpresa\DatosEmpresa.csproj", "{EC46F1DD-79DC-489C-9CFE-4E5BC9801019}"
EndProject
Project("{9A19103F-16F7-4668-BE54-9A1E7A4F7556}") = "Vender Bosquejo 2", "..\Vender-Bosquejo-2-08-04-2023-main\Vender Bosquejo 2\Vender Bosquejo 2.csproj", "{1A1CA0ED-CA0C-4A39-B389-720903BDD8A8}"
EndProject
Global
	GlobalSection(SolutionConfigurationPlatforms) = preSolution
		Debug|Any CPU = Debug|Any CPU
		Release|Any CPU = Release|Any CPU
	EndGlobalSection
	GlobalSection(ProjectConfigurationPlatforms) = postSolution
		{4CF26C09-E516-4C94-A281-7FB2D5826B80}.Debug|Any CPU.ActiveCfg = Debug|Any CPU
		{4CF26C09-E516-4C94-A281-7FB2D5826B80}.Debug|Any CPU.Build.0 = Debug|Any CPU
		{4CF26C09-E516-4C94-A281-7FB2D5826B80}.Release|Any CPU.ActiveCfg = Release|Any CPU
		{4CF26C09-E516-4C94-A281-7FB2D5826B80}.Release|Any CPU.Build.0 = Release|Any CPU
		{8B454FDA-5195-4365-B267-26AFE7DDAC85}.Debug|Any CPU.ActiveCfg = Debug|Any CPU
		{8B454FDA-5195-4365-B267-26AFE7DDAC85}.Debug|Any CPU.Build.0 = Debug|Any CPU
		{8B454FDA-5195-4365-B267-26AFE7DDAC85}.Release|Any CPU.ActiveCfg = Release|Any CPU
		{8B454FDA-5195-4365-B267-26AFE7DDAC85}.Release|Any CPU.Build.0 = Release|Any CPU
		{EC46F1DD-79DC-489C-9CFE-4E5BC9801019}.Debug|Any CPU.ActiveCfg = Debug|Any CPU
		{EC46F1DD-79DC-489C-9CFE-4E5BC9801019}.Debug|Any CPU.Build.0 = Debug|Any CPU
		{EC46F1DD-79DC-489C-9CFE-4E5BC9801019}.Release|Any CPU.ActiveCfg = Release|Any CPU
		{EC46F1DD-79DC-489C-9CFE-4E5BC9801019}.Release|Any CPU.Build.0 = Release|Any CPU
		{1A1CA0ED-CA0C-4A39-B389-720903BDD8A8}.Debug|Any CPU.ActiveCfg = Debug|Any CPU
		{1A1CA0ED-CA0C-4A39-B389-720903BDD8A8}.Debug|Any CPU.Build.0 = Debug|Any CPU
		{1A1CA0ED-CA0C-4A39-B389-720903BDD8A8}.Release|Any CPU.ActiveCfg = Release|Any CPU
		{1A1CA0ED-CA0C-4A39-B389-720903BDD8A8}.Release|Any CPU.Build.0 = Release|Any CPU
	EndGlobalSection
	GlobalSection(SolutionProperties) = preSolution
		HideSolutionNode = FALSE
	EndGlobalSection
	GlobalSection(ExtensibilityGlobals) = postSolution
		SolutionGuid = {ED896A26-B078-44A1-8F16-272CE607694A}
	EndGlobalSection
EndGlobal
